
Microsoft Visual Studio Solution File, Format Version 12.00
# Visual Studio Version 16
VisualStudioVersion = 16.0.31402.337
MinimumVisualStudioVersion = 10.0.40219.1
Project("{FAE04EC0-301F-11D3-BF4B-00C04F79EFBC}") = "RidersUnpack", "RidersUnpack\RidersUnpack.csproj", "{802C5B27-88E2-44C3-B199-3257EE9879A2}"
EndProject
Global
	GlobalSection(SolutionConfigurationPlatforms) = preSolution
		Debug|Any CPU = Debug|Any CPU
		Release|Any CPU = Release|Any CPU
	EndGlobalSection
	GlobalSection(ProjectConfigurationPlatforms) = postSolution
		{802C5B27-88E2-44C3-B199-3257EE9879A2}.Debug|Any CPU.ActiveCfg = Debug|Any CPU
		{802C5B27-88E2-44C3-B199-3257EE9879A2}.Debug|Any CPU.Build.0 = Debug|Any CPU
		{802C5B27-88E2-44C3-B199-3257EE9879A2}.Release|Any CPU.ActiveCfg = Release|Any CPU
		{802C5B27-88E2-44C3-B199-3257EE9879A2}.Release|Any CPU.Build.0 = Release|Any CPU
	EndGlobalSection
	GlobalSection(SolutionProperties) = preSolution
		HideSolutionNode = FALSE
	EndGlobalSection
	GlobalSection(ExtensibilityGlobals) = postSolution
		SolutionGuid = {19D0B5A1-CF1A-4C2F-B2B0-23E1012FB5D2}
	EndGlobalSection
EndGlobal
